
Microsoft Visual Studio Solution File, Format Version 11.00
# Visual Studio 10
Project("{F184B08F-C81C-45F6-A57F-5ABD9991F28F}") = "Splitter2", "Splitter2\Splitter2.vbproj", "{0FA5F2CB-E1F7-4593-B6C0-5F0B3FA924BE}"
EndProject
Global
	GlobalSection(SolutionConfigurationPlatforms) = preSolution
		Debug|Any CPU = Debug|Any CPU
		Release|Any CPU = Release|Any CPU
	EndGlobalSection
	GlobalSection(ProjectConfigurationPlatforms) = postSolution
		{0FA5F2CB-E1F7-4593-B6C0-5F0B3FA924BE}.Debug|Any CPU.ActiveCfg = Debug|Any CPU
		{0FA5F2CB-E1F7-4593-B6C0-5F0B3FA924BE}.Debug|Any CPU.Build.0 = Debug|Any CPU
		{0FA5F2CB-E1F7-4593-B6C0-5F0B3FA924BE}.Release|Any CPU.ActiveCfg = Release|Any CPU
		{0FA5F2CB-E1F7-4593-B6C0-5F0B3FA924BE}.Release|Any CPU.Build.0 = Release|Any CPU
	EndGlobalSection
	GlobalSection(SolutionProperties) = preSolution
		HideSolutionNode = FALSE
	EndGlobalSection
EndGlobal
