
Microsoft Visual Studio Solution File, Format Version 11.00
# Visual Studio 10
Project("{F184B08F-C81C-45F6-A57F-5ABD9991F28F}") = "VBLINQ", "VBLINQ.vbproj", "{D163117F-E2DF-4B04-AEF0-C0EBD65FAE64}"
EndProject
Global
	GlobalSection(SolutionConfigurationPlatforms) = preSolution
		Debug|Any CPU = Debug|Any CPU
		Debug|Mixed Platforms = Debug|Mixed Platforms
		Debug|x86 = Debug|x86
		Release|Any CPU = Release|Any CPU
		Release|Mixed Platforms = Release|Mixed Platforms
		Release|x86 = Release|x86
	EndGlobalSection
	GlobalSection(ProjectConfigurationPlatforms) = postSolution
		{D163117F-E2DF-4B04-AEF0-C0EBD65FAE64}.Debug|Any CPU.ActiveCfg = Debug|x86
		{D163117F-E2DF-4B04-AEF0-C0EBD65FAE64}.Debug|Mixed Platforms.ActiveCfg = Debug|x86
		{D163117F-E2DF-4B04-AEF0-C0EBD65FAE64}.Debug|Mixed Platforms.Build.0 = Debug|x86
		{D163117F-E2DF-4B04-AEF0-C0EBD65FAE64}.Debug|x86.ActiveCfg = Debug|x86
		{D163117F-E2DF-4B04-AEF0-C0EBD65FAE64}.Debug|x86.Build.0 = Debug|x86
		{D163117F-E2DF-4B04-AEF0-C0EBD65FAE64}.Release|Any CPU.ActiveCfg = Release|x86
		{D163117F-E2DF-4B04-AEF0-C0EBD65FAE64}.Release|Mixed Platforms.ActiveCfg = Release|x86
		{D163117F-E2DF-4B04-AEF0-C0EBD65FAE64}.Release|Mixed Platforms.Build.0 = Release|x86
		{D163117F-E2DF-4B04-AEF0-C0EBD65FAE64}.Release|x86.ActiveCfg = Release|x86
		{D163117F-E2DF-4B04-AEF0-C0EBD65FAE64}.Release|x86.Build.0 = Release|x86
	EndGlobalSection
	GlobalSection(SolutionProperties) = preSolution
		HideSolutionNode = FALSE
	EndGlobalSection
EndGlobal
