
Microsoft Visual Studio Solution File, Format Version 11.00
# Visual Studio 10
Project("{F184B08F-C81C-45F6-A57F-5ABD9991F28F}") = "Loan Calculator", "Loan Calculator\Loan Calculator.vbproj", "{77BC35E3-E98B-4694-8D8D-E07DC10DE640}"
EndProject
Global
	GlobalSection(SolutionConfigurationPlatforms) = preSolution
		Debug|x86 = Debug|x86
		Release|x86 = Release|x86
	EndGlobalSection
	GlobalSection(ProjectConfigurationPlatforms) = postSolution
		{77BC35E3-E98B-4694-8D8D-E07DC10DE640}.Debug|x86.ActiveCfg = Debug|x86
		{77BC35E3-E98B-4694-8D8D-E07DC10DE640}.Debug|x86.Build.0 = Debug|x86
		{77BC35E3-E98B-4694-8D8D-E07DC10DE640}.Release|x86.ActiveCfg = Release|x86
		{77BC35E3-E98B-4694-8D8D-E07DC10DE640}.Release|x86.Build.0 = Release|x86
	EndGlobalSection
	GlobalSection(SolutionProperties) = preSolution
		HideSolutionNode = FALSE
	EndGlobalSection
EndGlobal
