
Microsoft Visual Studio Solution File, Format Version 11.00
# Visual Studio 10
Project("{F184B08F-C81C-45F6-A57F-5ABD9991F28F}") = "Colors", "Colors.vbproj", "{AD69631A-3B0D-4009-913C-79B4E5643194}"
EndProject
Global
	GlobalSection(SolutionConfigurationPlatforms) = preSolution
		Debug|Any CPU = Debug|Any CPU
		Release|Any CPU = Release|Any CPU
	EndGlobalSection
	GlobalSection(ProjectConfigurationPlatforms) = postSolution
		{AD69631A-3B0D-4009-913C-79B4E5643194}.Debug|Any CPU.ActiveCfg = Debug|Any CPU
		{AD69631A-3B0D-4009-913C-79B4E5643194}.Debug|Any CPU.Build.0 = Debug|Any CPU
		{AD69631A-3B0D-4009-913C-79B4E5643194}.Release|Any CPU.ActiveCfg = Release|Any CPU
		{AD69631A-3B0D-4009-913C-79B4E5643194}.Release|Any CPU.Build.0 = Release|Any CPU
	EndGlobalSection
	GlobalSection(SolutionProperties) = preSolution
		HideSolutionNode = FALSE
	EndGlobalSection
EndGlobal
