
Microsoft Visual Studio Solution File, Format Version 11.00
# Visual Studio 10
Project("{F184B08F-C81C-45F6-A57F-5ABD9991F28F}") = "Contacts", "Contacts\Contacts.vbproj", "{06A55B82-DB61-4E97-BE2F-17BB4CD7A7A3}"
EndProject
Global
	GlobalSection(SolutionConfigurationPlatforms) = preSolution
		Debug|Any CPU = Debug|Any CPU
		Release|Any CPU = Release|Any CPU
	EndGlobalSection
	GlobalSection(ProjectConfigurationPlatforms) = postSolution
		{06A55B82-DB61-4E97-BE2F-17BB4CD7A7A3}.Debug|Any CPU.ActiveCfg = Debug|Any CPU
		{06A55B82-DB61-4E97-BE2F-17BB4CD7A7A3}.Debug|Any CPU.Build.0 = Debug|Any CPU
		{06A55B82-DB61-4E97-BE2F-17BB4CD7A7A3}.Release|Any CPU.ActiveCfg = Release|Any CPU
		{06A55B82-DB61-4E97-BE2F-17BB4CD7A7A3}.Release|Any CPU.Build.0 = Release|Any CPU
	EndGlobalSection
	GlobalSection(SolutionProperties) = preSolution
		HideSolutionNode = FALSE
	EndGlobalSection
EndGlobal
