
Microsoft Visual Studio Solution File, Format Version 10.00
# Visual Studio Codename Orcas
Project("{F184B08F-C81C-45F6-A57F-5ABD9991F28F}") = "ArraySearch", "ArraySearch\ArraySearch.vbproj", "{A4D028BF-E153-4176-A09E-91177960DF72}"
EndProject
Global
	GlobalSection(SolutionConfigurationPlatforms) = preSolution
		Debug|Any CPU = Debug|Any CPU
		Release|Any CPU = Release|Any CPU
	EndGlobalSection
	GlobalSection(ProjectConfigurationPlatforms) = postSolution
		{A4D028BF-E153-4176-A09E-91177960DF72}.Debug|Any CPU.ActiveCfg = Debug|Any CPU
		{A4D028BF-E153-4176-A09E-91177960DF72}.Debug|Any CPU.Build.0 = Debug|Any CPU
		{A4D028BF-E153-4176-A09E-91177960DF72}.Release|Any CPU.ActiveCfg = Release|Any CPU
		{A4D028BF-E153-4176-A09E-91177960DF72}.Release|Any CPU.Build.0 = Release|Any CPU
	EndGlobalSection
	GlobalSection(SolutionProperties) = preSolution
		HideSolutionNode = FALSE
	EndGlobalSection
EndGlobal
