
Microsoft Visual Studio Solution File, Format Version 11.00
# Visual Studio 10
Project("{F184B08F-C81C-45F6-A57F-5ABD9991F28F}") = "Contacts", "Contacts\Contacts.vbproj", "{54C63A34-6D79-4E30-AA96-7D8F905D244F}"
EndProject
Global
	GlobalSection(SolutionConfigurationPlatforms) = preSolution
		Debug|Any CPU = Debug|Any CPU
		Release|Any CPU = Release|Any CPU
	EndGlobalSection
	GlobalSection(ProjectConfigurationPlatforms) = postSolution
		{54C63A34-6D79-4E30-AA96-7D8F905D244F}.Debug|Any CPU.ActiveCfg = Debug|Any CPU
		{54C63A34-6D79-4E30-AA96-7D8F905D244F}.Debug|Any CPU.Build.0 = Debug|Any CPU
		{54C63A34-6D79-4E30-AA96-7D8F905D244F}.Release|Any CPU.ActiveCfg = Release|Any CPU
		{54C63A34-6D79-4E30-AA96-7D8F905D244F}.Release|Any CPU.Build.0 = Release|Any CPU
	EndGlobalSection
	GlobalSection(SolutionProperties) = preSolution
		HideSolutionNode = FALSE
	EndGlobalSection
EndGlobal
